
Microsoft Visual Studio Solution File, Format Version 11.00
# Visual Studio 2010
Project("{FAE04EC0-301F-11D3-BF4B-00C04F79EFBC}") = "Besnik.GenericRepository", "Besnik.GenericRepository\Besnik.GenericRepository.csproj", "{1C33F903-59B8-437C-8637-94CB394CA970}"
EndProject
Project("{FAE04EC0-301F-11D3-BF4B-00C04F79EFBC}") = "Besnik.Domain.NHibernateRepository", "Besnik.Domain.NHibernate\Besnik.Domain.NHibernate.csproj", "{ABDD5544-3CAA-49FB-A06A-895585BA55B2}"
EndProject
Project("{FAE04EC0-301F-11D3-BF4B-00C04F79EFBC}") = "Besnik.Domain", "Besnik.Domain\Besnik.Domain.csproj", "{D5B52DDB-C986-4055-9CAC-5526F42B8A93}"
EndProject
Project("{FAE04EC0-301F-11D3-BF4B-00C04F79EFBC}") = "Besnik.GenericRepository.Tests", "Besnik.GenericRepository.Tests\Besnik.GenericRepository.Tests.csproj", "{1AA5D032-863A-4952-A00A-E48475E9CB9D}"
EndProject
Project("{FAE04EC0-301F-11D3-BF4B-00C04F79EFBC}") = "Besnik.Domain.LinqToSqlRepository", "Besnik.Domain.LinqToSql\Besnik.Domain.LinqToSql.csproj", "{C6CC3E66-9506-43D7-BE8F-0C49D59C34E3}"
EndProject
Project("{FAE04EC0-301F-11D3-BF4B-00C04F79EFBC}") = "Besnik.GenericRepository.NHibernate", "Besnik.GenericRepository.NHibernate\Besnik.GenericRepository.NHibernate.csproj", "{DCC5973E-B6BC-4A41-8996-ED4AFBEEB318}"
EndProject
Project("{FAE04EC0-301F-11D3-BF4B-00C04F79EFBC}") = "Besnik.GenericRepository.LinqToSql", "Besnik.GenericRepository.LinqToSql\Besnik.GenericRepository.LinqToSql.csproj", "{207ADEBC-CCE9-4ACC-AEA8-E086BB23A638}"
EndProject
Project("{FAE04EC0-301F-11D3-BF4B-00C04F79EFBC}") = "Besnik.GenericRepository.EntityFramework", "Besnik.GenericRepository.EntityFramework\Besnik.GenericRepository.EntityFramework.csproj", "{5630007D-50C9-4D99-A734-BBE7451B1C3D}"
EndProject
Project("{FAE04EC0-301F-11D3-BF4B-00C04F79EFBC}") = "Besnik.Domain.EntityFramework", "Besnik.Domain.EntityFramework\Besnik.Domain.EntityFramework.csproj", "{B3288165-24F4-49AF-A7B5-79B027F82EC8}"
EndProject
Global
	GlobalSection(SolutionConfigurationPlatforms) = preSolution
		Debug|Any CPU = Debug|Any CPU
		Release|Any CPU = Release|Any CPU
	EndGlobalSection
	GlobalSection(ProjectConfigurationPlatforms) = postSolution
		{1C33F903-59B8-437C-8637-94CB394CA970}.Debug|Any CPU.ActiveCfg = Debug|Any CPU
		{1C33F903-59B8-437C-8637-94CB394CA970}.Debug|Any CPU.Build.0 = Debug|Any CPU
		{1C33F903-59B8-437C-8637-94CB394CA970}.Release|Any CPU.ActiveCfg = Release|Any CPU
		{1C33F903-59B8-437C-8637-94CB394CA970}.Release|Any CPU.Build.0 = Release|Any CPU
		{ABDD5544-3CAA-49FB-A06A-895585BA55B2}.Debug|Any CPU.ActiveCfg = Debug|Any CPU
		{ABDD5544-3CAA-49FB-A06A-895585BA55B2}.Debug|Any CPU.Build.0 = Debug|Any CPU
		{ABDD5544-3CAA-49FB-A06A-895585BA55B2}.Release|Any CPU.ActiveCfg = Release|Any CPU
		{ABDD5544-3CAA-49FB-A06A-895585BA55B2}.Release|Any CPU.Build.0 = Release|Any CPU
		{D5B52DDB-C986-4055-9CAC-5526F42B8A93}.Debug|Any CPU.ActiveCfg = Debug|Any CPU
		{D5B52DDB-C986-4055-9CAC-5526F42B8A93}.Debug|Any CPU.Build.0 = Debug|Any CPU
		{D5B52DDB-C986-4055-9CAC-5526F42B8A93}.Release|Any CPU.ActiveCfg = Release|Any CPU
		{D5B52DDB-C986-4055-9CAC-5526F42B8A93}.Release|Any CPU.Build.0 = Release|Any CPU
		{1AA5D032-863A-4952-A00A-E48475E9CB9D}.Debug|Any CPU.ActiveCfg = Debug|Any CPU
		{1AA5D032-863A-4952-A00A-E48475E9CB9D}.Debug|Any CPU.Build.0 = Debug|Any CPU
		{1AA5D032-863A-4952-A00A-E48475E9CB9D}.Release|Any CPU.ActiveCfg = Release|Any CPU
		{1AA5D032-863A-4952-A00A-E48475E9CB9D}.Release|Any CPU.Build.0 = Release|Any CPU
		{C6CC3E66-9506-43D7-BE8F-0C49D59C34E3}.Debug|Any CPU.ActiveCfg = Debug|Any CPU
		{C6CC3E66-9506-43D7-BE8F-0C49D59C34E3}.Debug|Any CPU.Build.0 = Debug|Any CPU
		{C6CC3E66-9506-43D7-BE8F-0C49D59C34E3}.Release|Any CPU.ActiveCfg = Release|Any CPU
		{C6CC3E66-9506-43D7-BE8F-0C49D59C34E3}.Release|Any CPU.Build.0 = Release|Any CPU
		{DCC5973E-B6BC-4A41-8996-ED4AFBEEB318}.Debug|Any CPU.ActiveCfg = Debug|Any CPU
		{DCC5973E-B6BC-4A41-8996-ED4AFBEEB318}.Debug|Any CPU.Build.0 = Debug|Any CPU
		{DCC5973E-B6BC-4A41-8996-ED4AFBEEB318}.Release|Any CPU.ActiveCfg = Release|Any CPU
		{DCC5973E-B6BC-4A41-8996-ED4AFBEEB318}.Release|Any CPU.Build.0 = Release|Any CPU
		{207ADEBC-CCE9-4ACC-AEA8-E086BB23A638}.Debug|Any CPU.ActiveCfg = Debug|Any CPU
		{207ADEBC-CCE9-4ACC-AEA8-E086BB23A638}.Debug|Any CPU.Build.0 = Debug|Any CPU
		{207ADEBC-CCE9-4ACC-AEA8-E086BB23A638}.Release|Any CPU.ActiveCfg = Release|Any CPU
		{207ADEBC-CCE9-4ACC-AEA8-E086BB23A638}.Release|Any CPU.Build.0 = Release|Any CPU
		{5630007D-50C9-4D99-A734-BBE7451B1C3D}.Debug|Any CPU.ActiveCfg = Debug|Any CPU
		{5630007D-50C9-4D99-A734-BBE7451B1C3D}.Debug|Any CPU.Build.0 = Debug|Any CPU
		{5630007D-50C9-4D99-A734-BBE7451B1C3D}.Release|Any CPU.ActiveCfg = Release|Any CPU
		{5630007D-50C9-4D99-A734-BBE7451B1C3D}.Release|Any CPU.Build.0 = Release|Any CPU
		{B3288165-24F4-49AF-A7B5-79B027F82EC8}.Debug|Any CPU.ActiveCfg = Debug|Any CPU
		{B3288165-24F4-49AF-A7B5-79B027F82EC8}.Debug|Any CPU.Build.0 = Debug|Any CPU
		{B3288165-24F4-49AF-A7B5-79B027F82EC8}.Release|Any CPU.ActiveCfg = Release|Any CPU
		{B3288165-24F4-49AF-A7B5-79B027F82EC8}.Release|Any CPU.Build.0 = Release|Any CPU
	EndGlobalSection
	GlobalSection(SolutionProperties) = preSolution
		HideSolutionNode = FALSE
	EndGlobalSection
EndGlobal
